
Microsoft Visual Studio Solution File, Format Version 12.00
# Visual Studio 15
VisualStudioVersion = 15.0.26124.0
MinimumVisualStudioVersion = 15.0.26124.0
Project("{2150E333-8FDC-42A3-9474-1A3956D46DE8}") = "src", "src", "{AB2E6559-C428-4E71-8625-94C97284E336}"
EndProject
Project("{FAE04EC0-301F-11D3-BF4B-00C04F79EFBC}") = "Concept.Reservation.Domain", "src\Concept.Reservation.Domain\Concept.Reservation.Domain.csproj", "{424539F5-8E6D-4E9B-A06B-69F02D4E4300}"
EndProject
Project("{2150E333-8FDC-42A3-9474-1A3956D46DE8}") = "test", "test", "{00AC191A-3D02-41F1-B421-CF6C92F4E51F}"
EndProject
Project("{FAE04EC0-301F-11D3-BF4B-00C04F79EFBC}") = "Concept.Reservation.Tests.Unit", "test\Concept.Reservation.Tests.Unit\Concept.Reservation.Tests.Unit.csproj", "{9702B68C-2F48-4B87-8FBC-4A94BAB05129}"
EndProject
Project("{FAE04EC0-301F-11D3-BF4B-00C04F79EFBC}") = "Concept.Reservation.Api", "src\Concept.Reservation.Api\Concept.Reservation.Api.csproj", "{51B5F253-DA0D-47D2-9F93-2D28C90B742D}"
EndProject
Global
	GlobalSection(SolutionConfigurationPlatforms) = preSolution
		Debug|Any CPU = Debug|Any CPU
		Debug|x64 = Debug|x64
		Debug|x86 = Debug|x86
		Release|Any CPU = Release|Any CPU
		Release|x64 = Release|x64
		Release|x86 = Release|x86
	EndGlobalSection
	GlobalSection(SolutionProperties) = preSolution
		HideSolutionNode = FALSE
	EndGlobalSection
	GlobalSection(ProjectConfigurationPlatforms) = postSolution
		{424539F5-8E6D-4E9B-A06B-69F02D4E4300}.Debug|Any CPU.ActiveCfg = Debug|Any CPU
		{424539F5-8E6D-4E9B-A06B-69F02D4E4300}.Debug|Any CPU.Build.0 = Debug|Any CPU
		{424539F5-8E6D-4E9B-A06B-69F02D4E4300}.Debug|x64.ActiveCfg = Debug|Any CPU
		{424539F5-8E6D-4E9B-A06B-69F02D4E4300}.Debug|x64.Build.0 = Debug|Any CPU
		{424539F5-8E6D-4E9B-A06B-69F02D4E4300}.Debug|x86.ActiveCfg = Debug|Any CPU
		{424539F5-8E6D-4E9B-A06B-69F02D4E4300}.Debug|x86.Build.0 = Debug|Any CPU
		{424539F5-8E6D-4E9B-A06B-69F02D4E4300}.Release|Any CPU.ActiveCfg = Release|Any CPU
		{424539F5-8E6D-4E9B-A06B-69F02D4E4300}.Release|Any CPU.Build.0 = Release|Any CPU
		{424539F5-8E6D-4E9B-A06B-69F02D4E4300}.Release|x64.ActiveCfg = Release|Any CPU
		{424539F5-8E6D-4E9B-A06B-69F02D4E4300}.Release|x64.Build.0 = Release|Any CPU
		{424539F5-8E6D-4E9B-A06B-69F02D4E4300}.Release|x86.ActiveCfg = Release|Any CPU
		{424539F5-8E6D-4E9B-A06B-69F02D4E4300}.Release|x86.Build.0 = Release|Any CPU
		{9702B68C-2F48-4B87-8FBC-4A94BAB05129}.Debug|Any CPU.ActiveCfg = Debug|Any CPU
		{9702B68C-2F48-4B87-8FBC-4A94BAB05129}.Debug|Any CPU.Build.0 = Debug|Any CPU
		{9702B68C-2F48-4B87-8FBC-4A94BAB05129}.Debug|x64.ActiveCfg = Debug|Any CPU
		{9702B68C-2F48-4B87-8FBC-4A94BAB05129}.Debug|x64.Build.0 = Debug|Any CPU
		{9702B68C-2F48-4B87-8FBC-4A94BAB05129}.Debug|x86.ActiveCfg = Debug|Any CPU
		{9702B68C-2F48-4B87-8FBC-4A94BAB05129}.Debug|x86.Build.0 = Debug|Any CPU
		{9702B68C-2F48-4B87-8FBC-4A94BAB05129}.Release|Any CPU.ActiveCfg = Release|Any CPU
		{9702B68C-2F48-4B87-8FBC-4A94BAB05129}.Release|Any CPU.Build.0 = Release|Any CPU
		{9702B68C-2F48-4B87-8FBC-4A94BAB05129}.Release|x64.ActiveCfg = Release|Any CPU
		{9702B68C-2F48-4B87-8FBC-4A94BAB05129}.Release|x64.Build.0 = Release|Any CPU
		{9702B68C-2F48-4B87-8FBC-4A94BAB05129}.Release|x86.ActiveCfg = Release|Any CPU
		{9702B68C-2F48-4B87-8FBC-4A94BAB05129}.Release|x86.Build.0 = Release|Any CPU
		{51B5F253-DA0D-47D2-9F93-2D28C90B742D}.Debug|Any CPU.ActiveCfg = Debug|Any CPU
		{51B5F253-DA0D-47D2-9F93-2D28C90B742D}.Debug|Any CPU.Build.0 = Debug|Any CPU
		{51B5F253-DA0D-47D2-9F93-2D28C90B742D}.Debug|x64.ActiveCfg = Debug|Any CPU
		{51B5F253-DA0D-47D2-9F93-2D28C90B742D}.Debug|x64.Build.0 = Debug|Any CPU
		{51B5F253-DA0D-47D2-9F93-2D28C90B742D}.Debug|x86.ActiveCfg = Debug|Any CPU
		{51B5F253-DA0D-47D2-9F93-2D28C90B742D}.Debug|x86.Build.0 = Debug|Any CPU
		{51B5F253-DA0D-47D2-9F93-2D28C90B742D}.Release|Any CPU.ActiveCfg = Release|Any CPU
		{51B5F253-DA0D-47D2-9F93-2D28C90B742D}.Release|Any CPU.Build.0 = Release|Any CPU
		{51B5F253-DA0D-47D2-9F93-2D28C90B742D}.Release|x64.ActiveCfg = Release|Any CPU
		{51B5F253-DA0D-47D2-9F93-2D28C90B742D}.Release|x64.Build.0 = Release|Any CPU
		{51B5F253-DA0D-47D2-9F93-2D28C90B742D}.Release|x86.ActiveCfg = Release|Any CPU
		{51B5F253-DA0D-47D2-9F93-2D28C90B742D}.Release|x86.Build.0 = Release|Any CPU
	EndGlobalSection
	GlobalSection(NestedProjects) = preSolution
		{424539F5-8E6D-4E9B-A06B-69F02D4E4300} = {AB2E6559-C428-4E71-8625-94C97284E336}
		{9702B68C-2F48-4B87-8FBC-4A94BAB05129} = {00AC191A-3D02-41F1-B421-CF6C92F4E51F}
		{51B5F253-DA0D-47D2-9F93-2D28C90B742D} = {AB2E6559-C428-4E71-8625-94C97284E336}
	EndGlobalSection
EndGlobal
